// !$*UTF8*$!
{
	archiveVersion = 1;
	classes = {
	};
	objectVersion = 55;
	objects = {

/* Begin PBXBuildFile section */
		BC6FCF032735AC1700331611 /* SpokApp.swift in Sources */ = {isa = PBXBuildFile; fileRef = BC6FCF022735AC1700331611 /* SpokApp.swift */; };
		BC6FCF052735AC1700331611 /* ContentView.swift in Sources */ = {isa = PBXBuildFile; fileRef = BC6FCF042735AC1700331611 /* ContentView.swift */; };
		BC6FCF072735AC1B00331611 /* Assets.xcassets in Resources */ = {isa = PBXBuildFile; fileRef = BC6FCF062735AC1B00331611 /* Assets.xcassets */; };
		BC6FCF0A2735AC1B00331611 /* Preview Assets.xcassets in Resources */ = {isa = PBXBuildFile; fileRef = BC6FCF092735AC1B00331611 /* Preview Assets.xcassets */; };
		BCB8FDE72735D0C000756D53 /* Reminder.swift in Sources */ = {isa = PBXBuildFile; fileRef = BCB8FDE62735D0C000756D53 /* Reminder.swift */; };
		BCB8FDE92735D32100756D53 /* Network.swift in Sources */ = {isa = PBXBuildFile; fileRef = BCB8FDE82735D32100756D53 /* Network.swift */; };
		EF208E782735DA4A0002460D /* CalendarView.swift in Sources */ = {isa = PBXBuildFile; fileRef = EF208E772735DA4A0002460D /* CalendarView.swift */; };
		EF208E7B2735EC250002460D /* WeekView.swift in Sources */ = {isa = PBXBuildFile; fileRef = EF208E7A2735EC250002460D /* WeekView.swift */; };
		EF208E7F2736DB470002460D /* ReminderView.swift in Sources */ = {isa = PBXBuildFile; fileRef = EF208E7E2736DB470002460D /* ReminderView.swift */; };
		EF208E822736F1600002460D /* CounterView.swift in Sources */ = {isa = PBXBuildFile; fileRef = EF208E812736F1600002460D /* CounterView.swift */; };
/* End PBXBuildFile section */

/* Begin PBXFileReference section */
		BC6FCEFF2735AC1700331611 /* Spok.app */ = {isa = PBXFileReference; explicitFileType = wrapper.application; includeInIndex = 0; path = Spok.app; sourceTree = BUILT_PRODUCTS_DIR; };
		BC6FCF022735AC1700331611 /* SpokApp.swift */ = {isa = PBXFileReference; lastKnownFileType = sourcecode.swift; path = SpokApp.swift; sourceTree = "<group>"; };
		BC6FCF042735AC1700331611 /* ContentView.swift */ = {isa = PBXFileReference; lastKnownFileType = sourcecode.swift; path = ContentView.swift; sourceTree = "<group>"; };
		BC6FCF062735AC1B00331611 /* Assets.xcassets */ = {isa = PBXFileReference; lastKnownFileType = folder.assetcatalog; path = Assets.xcassets; sourceTree = "<group>"; };
		BC6FCF092735AC1B00331611 /* Preview Assets.xcassets */ = {isa = PBXFileReference; lastKnownFileType = folder.assetcatalog; path = "Preview Assets.xcassets"; sourceTree = "<group>"; };
		BCB8FDE62735D0C000756D53 /* Reminder.swift */ = {isa = PBXFileReference; lastKnownFileType = sourcecode.swift; path = Reminder.swift; sourceTree = "<group>"; };
		BCB8FDE82735D32100756D53 /* Network.swift */ = {isa = PBXFileReference; lastKnownFileType = sourcecode.swift; path = Network.swift; sourceTree = "<group>"; };
		EF208E772735DA4A0002460D /* CalendarView.swift */ = {isa = PBXFileReference; lastKnownFileType = sourcecode.swift; path = CalendarView.swift; sourceTree = "<group>"; };
		EF208E7A2735EC250002460D /* WeekView.swift */ = {isa = PBXFileReference; lastKnownFileType = sourcecode.swift; path = WeekView.swift; sourceTree = "<group>"; };
		EF208E7E2736DB470002460D /* ReminderView.swift */ = {isa = PBXFileReference; lastKnownFileType = sourcecode.swift; path = ReminderView.swift; sourceTree = "<group>"; };
		EF208E812736F1600002460D /* CounterView.swift */ = {isa = PBXFileReference; fileEncoding = 4; lastKnownFileType = sourcecode.swift; path = CounterView.swift; sourceTree = "<group>"; };
/* End PBXFileReference section */

/* Begin PBXFrameworksBuildPhase section */
		BC6FCEFC2735AC1700331611 /* Frameworks */ = {
			isa = PBXFrameworksBuildPhase;
			buildActionMask = 2147483647;
			files = (
			);
			runOnlyForDeploymentPostprocessing = 0;
		};
/* End PBXFrameworksBuildPhase section */

/* Begin PBXGroup section */
		BC6FCEF62735AC1700331611 = {
			isa = PBXGroup;
			children = (
				BC6FCF012735AC1700331611 /* Spok */,
				BC6FCF002735AC1700331611 /* Products */,
			);
			sourceTree = "<group>";
		};
		BC6FCF002735AC1700331611 /* Products */ = {
			isa = PBXGroup;
			children = (
				BC6FCEFF2735AC1700331611 /* Spok.app */,
			);
			name = Products;
			sourceTree = "<group>";
		};
		BC6FCF012735AC1700331611 /* Spok */ = {
			isa = PBXGroup;
			children = (
				BC6FCF022735AC1700331611 /* SpokApp.swift */,
				BCB8FDE42735D04700756D53 /* Network */,
				BC6FCF082735AC1B00331611 /* Preview Content */,
				BCB8FDEB2735D6A500756D53 /* Resources */,
				BCB8FDEA2735D62400756D53 /* Scenes */,
			);
			path = Spok;
			sourceTree = "<group>";
		};
		BC6FCF082735AC1B00331611 /* Preview Content */ = {
			isa = PBXGroup;
			children = (
				BC6FCF092735AC1B00331611 /* Preview Assets.xcassets */,
			);
			path = "Preview Content";
			sourceTree = "<group>";
		};
		BCB8FDE42735D04700756D53 /* Network */ = {
			isa = PBXGroup;
			children = (
				BCB8FDE52735D05100756D53 /* Models */,
				BCB8FDE82735D32100756D53 /* Network.swift */,
			);
			path = Network;
			sourceTree = "<group>";
		};
		BCB8FDE52735D05100756D53 /* Models */ = {
			isa = PBXGroup;
			children = (
				BCB8FDE62735D0C000756D53 /* Reminder.swift */,
			);
			path = Models;
			sourceTree = "<group>";
		};
		BCB8FDEA2735D62400756D53 /* Scenes */ = {
			isa = PBXGroup;
			children = (
				EF208E762735D93C0002460D /* Calendar */,
				BCB8FDEC2735D6FE00756D53 /* Main */,
			);
			path = Scenes;
			sourceTree = "<group>";
		};
		BCB8FDEB2735D6A500756D53 /* Resources */ = {
			isa = PBXGroup;
			children = (
				BC6FCF062735AC1B00331611 /* Assets.xcassets */,
			);
			path = Resources;
			sourceTree = "<group>";
		};
		BCB8FDEC2735D6FE00756D53 /* Main */ = {
			isa = PBXGroup;
			children = (
				BC6FCF042735AC1700331611 /* ContentView.swift */,
				BCB8FDEF2735D73900756D53 /* Views */,
			);
			path = Main;
			sourceTree = "<group>";
		};
		BCB8FDEF2735D73900756D53 /* Views */ = {
			isa = PBXGroup;
			children = (
				EF208E802736F1600002460D /* Counter */,
			);
			path = Views;
			sourceTree = "<group>";
		};
		EF208E762735D93C0002460D /* Calendar */ = {
			isa = PBXGroup;
			children = (
				EF208E792735DC350002460D /* Views */,
			);
			path = Calendar;
			sourceTree = "<group>";
		};
		EF208E792735DC350002460D /* Views */ = {
			isa = PBXGroup;
			children = (
				EF208E772735DA4A0002460D /* CalendarView.swift */,
				EF208E7A2735EC250002460D /* WeekView.swift */,
				EF208E7E2736DB470002460D /* ReminderView.swift */,
			);
			path = Views;
			sourceTree = "<group>";
		};
		EF208E802736F1600002460D /* Counter */ = {
			isa = PBXGroup;
			children = (
				EF208E812736F1600002460D /* CounterView.swift */,
			);
			path = Counter;
			sourceTree = "<group>";
		};
/* End PBXGroup section */

/* Begin PBXNativeTarget section */
		BC6FCEFE2735AC1700331611 /* Spok */ = {
			isa = PBXNativeTarget;
			buildConfigurationList = BC6FCF0D2735AC1B00331611 /* Build configuration list for PBXNativeTarget "Spok" */;
			buildPhases = (
				BC6FCEFB2735AC1700331611 /* Sources */,
				BC6FCEFC2735AC1700331611 /* Frameworks */,
				BC6FCEFD2735AC1700331611 /* Resources */,
			);
			buildRules = (
			);
			dependencies = (
			);
			name = Spok;
			productName = Spok;
			productReference = BC6FCEFF2735AC1700331611 /* Spok.app */;
			productType = "com.apple.product-type.application";
		};
/* End PBXNativeTarget section */

/* Begin PBXProject section */
		BC6FCEF72735AC1700331611 /* Project object */ = {
			isa = PBXProject;
			attributes = {
				BuildIndependentTargetsInParallel = 1;
				LastSwiftUpdateCheck = 1300;
				LastUpgradeCheck = 1300;
				TargetAttributes = {
					BC6FCEFE2735AC1700331611 = {
						CreatedOnToolsVersion = 13.0;
					};
				};
			};
			buildConfigurationList = BC6FCEFA2735AC1700331611 /* Build configuration list for PBXProject "Spok" */;
			compatibilityVersion = "Xcode 13.0";
			developmentRegion = en;
			hasScannedForEncodings = 0;
			knownRegions = (
				en,
				Base,
			);
			mainGroup = BC6FCEF62735AC1700331611;
			productRefGroup = BC6FCF002735AC1700331611 /* Products */;
			projectDirPath = "";
			projectRoot = "";
			targets = (
				BC6FCEFE2735AC1700331611 /* Spok */,
			);
		};
/* End PBXProject section */

/* Begin PBXResourcesBuildPhase section */
		BC6FCEFD2735AC1700331611 /* Resources */ = {
			isa = PBXResourcesBuildPhase;
			buildActionMask = 2147483647;
			files = (
				BC6FCF0A2735AC1B00331611 /* Preview Assets.xcassets in Resources */,
				BC6FCF072735AC1B00331611 /* Assets.xcassets in Resources */,
			);
			runOnlyForDeploymentPostprocessing = 0;
		};
/* End PBXResourcesBuildPhase section */

/* Begin PBXSourcesBuildPhase section */
		BC6FCEFB2735AC1700331611 /* Sources */ = {
			isa = PBXSourcesBuildPhase;
			buildActionMask = 2147483647;
			files = (
				EF208E7B2735EC250002460D /* WeekView.swift in Sources */,
				EF208E782735DA4A0002460D /* CalendarView.swift in Sources */,
				BCB8FDE72735D0C000756D53 /* Reminder.swift in Sources */,
				BC6FCF052735AC1700331611 /* ContentView.swift in Sources */,
				BCB8FDE92735D32100756D53 /* Network.swift in Sources */,
				EF208E7F2736DB470002460D /* ReminderView.swift in Sources */,
				BC6FCF032735AC1700331611 /* SpokApp.swift in Sources */,
				EF208E822736F1600002460D /* CounterView.swift in Sources */,
			);
			runOnlyForDeploymentPostprocessing = 0;
		};
/* End PBXSourcesBuildPhase section */

/* Begin XCBuildConfiguration section */
		BC6FCF0B2735AC1B00331611 /* Debug */ = {
			isa = XCBuildConfiguration;
			buildSettings = {
				ALWAYS_SEARCH_USER_PATHS = NO;
				CLANG_ANALYZER_NONNULL = YES;
				CLANG_ANALYZER_NUMBER_OBJECT_CONVERSION = YES_AGGRESSIVE;
				CLANG_CXX_LANGUAGE_STANDARD = "gnu++17";
				CLANG_CXX_LIBRARY = "libc++";
				CLANG_ENABLE_MODULES = YES;
				CLANG_ENABLE_OBJC_ARC = YES;
				CLANG_ENABLE_OBJC_WEAK = YES;
				CLANG_WARN_BLOCK_CAPTURE_AUTORELEASING = YES;
				CLANG_WARN_BOOL_CONVERSION = YES;
				CLANG_WARN_COMMA = YES;
				CLANG_WARN_CONSTANT_CONVERSION = YES;
				CLANG_WARN_DEPRECATED_OBJC_IMPLEMENTATIONS = YES;
				CLANG_WARN_DIRECT_OBJC_ISA_USAGE = YES_ERROR;
				CLANG_WARN_DOCUMENTATION_COMMENTS = YES;
				CLANG_WARN_EMPTY_BODY = YES;
				CLANG_WARN_ENUM_CONVERSION = YES;
				CLANG_WARN_INFINITE_RECURSION = YES;
				CLANG_WARN_INT_CONVERSION = YES;
				CLANG_WARN_NON_LITERAL_NULL_CONVERSION = YES;
				CLANG_WARN_OBJC_IMPLICIT_RETAIN_SELF = YES;
				CLANG_WARN_OBJC_LITERAL_CONVERSION = YES;
				CLANG_WARN_OBJC_ROOT_CLASS = YES_ERROR;
				CLANG_WARN_QUOTED_INCLUDE_IN_FRAMEWORK_HEADER = YES;
				CLANG_WARN_RANGE_LOOP_ANALYSIS = YES;
				CLANG_WARN_STRICT_PROTOTYPES = YES;
				CLANG_WARN_SUSPICIOUS_MOVE = YES;
				CLANG_WARN_UNGUARDED_AVAILABILITY = YES_AGGRESSIVE;
				CLANG_WARN_UNREACHABLE_CODE = YES;
				CLANG_WARN__DUPLICATE_METHOD_MATCH = YES;
				COPY_PHASE_STRIP = NO;
				DEBUG_INFORMATION_FORMAT = dwarf;
				ENABLE_STRICT_OBJC_MSGSEND = YES;
				ENABLE_TESTABILITY = YES;
				GCC_C_LANGUAGE_STANDARD = gnu11;
				GCC_DYNAMIC_NO_PIC = NO;
				GCC_NO_COMMON_BLOCKS = YES;
				GCC_OPTIMIZATION_LEVEL = 0;
				GCC_PREPROCESSOR_DEFINITIONS = (
					"DEBUG=1",
					"$(inherited)",
				);
				GCC_WARN_64_TO_32_BIT_CONVERSION = YES;
				GCC_WARN_ABOUT_RETURN_TYPE = YES_ERROR;
				GCC_WARN_UNDECLARED_SELECTOR = YES;
				GCC_WARN_UNINITIALIZED_AUTOS = YES_AGGRESSIVE;
				GCC_WARN_UNUSED_FUNCTION = YES;
				GCC_WARN_UNUSED_VARIABLE = YES;
				IPHONEOS_DEPLOYMENT_TARGET = 15.0;
				MTL_ENABLE_DEBUG_INFO = INCLUDE_SOURCE;
				MTL_FAST_MATH = YES;
				ONLY_ACTIVE_ARCH = YES;
				SDKROOT = iphoneos;
				SWIFT_ACTIVE_COMPILATION_CONDITIONS = DEBUG;
				SWIFT_OPTIMIZATION_LEVEL = "-Onone";
			};
			name = Debug;
		};
		BC6FCF0C2735AC1B00331611 /* Release */ = {
			isa = XCBuildConfiguration;
			buildSettings = {
				ALWAYS_SEARCH_USER_PATHS = NO;
				CLANG_ANALYZER_NONNULL = YES;
				CLANG_ANALYZER_NUMBER_OBJECT_CONVERSION = YES_AGGRESSIVE;
				CLANG_CXX_LANGUAGE_STANDARD = "gnu++17";
				CLANG_CXX_LIBRARY = "libc++";
				CLANG_ENABLE_MODULES = YES;
				CLANG_ENABLE_OBJC_ARC = YES;
				CLANG_ENABLE_OBJC_WEAK = YES;
				CLANG_WARN_BLOCK_CAPTURE_AUTORELEASING = YES;
				CLANG_WARN_BOOL_CONVERSION = YES;
				CLANG_WARN_COMMA = YES;
				CLANG_WARN_CONSTANT_CONVERSION = YES;
				CLANG_WARN_DEPRECATED_OBJC_IMPLEMENTATIONS = YES;
				CLANG_WARN_DIRECT_OBJC_ISA_USAGE = YES_ERROR;
				CLANG_WARN_DOCUMENTATION_COMMENTS = YES;
				CLANG_WARN_EMPTY_BODY = YES;
				CLANG_WARN_ENUM_CONVERSION = YES;
				CLANG_WARN_INFINITE_RECURSION = YES;
				CLANG_WARN_INT_CONVERSION = YES;
				CLANG_WARN_NON_LITERAL_NULL_CONVERSION = YES;
				CLANG_WARN_OBJC_IMPLICIT_RETAIN_SELF = YES;
				CLANG_WARN_OBJC_LITERAL_CONVERSION = YES;
				CLANG_WARN_OBJC_ROOT_CLASS = YES_ERROR;
				CLANG_WARN_QUOTED_INCLUDE_IN_FRAMEWORK_HEADER = YES;
				CLANG_WARN_RANGE_LOOP_ANALYSIS = YES;
				CLANG_WARN_STRICT_PROTOTYPES = YES;
				CLANG_WARN_SUSPICIOUS_MOVE = YES;
				CLANG_WARN_UNGUARDED_AVAILABILITY = YES_AGGRESSIVE;
				CLANG_WARN_UNREACHABLE_CODE = YES;
				CLANG_WARN__DUPLICATE_METHOD_MATCH = YES;
				COPY_PHASE_STRIP = NO;
				DEBUG_INFORMATION_FORMAT = "dwarf-with-dsym";
				ENABLE_NS_ASSERTIONS = NO;
				ENABLE_STRICT_OBJC_MSGSEND = YES;
				GCC_C_LANGUAGE_STANDARD = gnu11;
				GCC_NO_COMMON_BLOCKS = YES;
				GCC_WARN_64_TO_32_BIT_CONVERSION = YES;
				GCC_WARN_ABOUT_RETURN_TYPE = YES_ERROR;
				GCC_WARN_UNDECLARED_SELECTOR = YES;
				GCC_WARN_UNINITIALIZED_AUTOS = YES_AGGRESSIVE;
				GCC_WARN_UNUSED_FUNCTION = YES;
				GCC_WARN_UNUSED_VARIABLE = YES;
				IPHONEOS_DEPLOYMENT_TARGET = 15.0;
				MTL_ENABLE_DEBUG_INFO = NO;
				MTL_FAST_MATH = YES;
				SDKROOT = iphoneos;
				SWIFT_COMPILATION_MODE = wholemodule;
				SWIFT_OPTIMIZATION_LEVEL = "-O";
				VALIDATE_PRODUCT = YES;
			};
			name = Release;
		};
		BC6FCF0E2735AC1B00331611 /* Debug */ = {
			isa = XCBuildConfiguration;
			buildSettings = {
				ASSETCATALOG_COMPILER_APPICON_NAME = AppIcon;
				ASSETCATALOG_COMPILER_GLOBAL_ACCENT_COLOR_NAME = AccentColor;
				CODE_SIGN_STYLE = Automatic;
				CURRENT_PROJECT_VERSION = 1;
				DEVELOPMENT_ASSET_PATHS = "\"Spok/Preview Content\"";
				DEVELOPMENT_TEAM = N9QY6FPEFA;
				ENABLE_PREVIEWS = YES;
				GENERATE_INFOPLIST_FILE = YES;
				INFOPLIST_KEY_UIApplicationSceneManifest_Generation = YES;
				INFOPLIST_KEY_UIApplicationSupportsIndirectInputEvents = YES;
				INFOPLIST_KEY_UILaunchScreen_Generation = YES;
				INFOPLIST_KEY_UISupportedInterfaceOrientations_iPad = "UIInterfaceOrientationPortrait UIInterfaceOrientationPortraitUpsideDown UIInterfaceOrientationLandscapeLeft UIInterfaceOrientationLandscapeRight";
				INFOPLIST_KEY_UISupportedInterfaceOrientations_iPhone = "UIInterfaceOrientationPortrait UIInterfaceOrientationLandscapeLeft UIInterfaceOrientationLandscapeRight";
				IPHONEOS_DEPLOYMENT_TARGET = 14.0;
				LD_RUNPATH_SEARCH_PATHS = (
					"$(inherited)",
					"@executable_path/Frameworks",
				);
				MARKETING_VERSION = 1.0;
				PRODUCT_BUNDLE_IDENTIFIER = com.pezz8builders.Spok;
				PRODUCT_NAME = "$(TARGET_NAME)";
				SWIFT_EMIT_LOC_STRINGS = YES;
				SWIFT_VERSION = 5.0;
				TARGETED_DEVICE_FAMILY = "1,2";
			};
			name = Debug;
		};
		BC6FCF0F2735AC1B00331611 /* Release */ = {
			isa = XCBuildConfiguration;
			buildSettings = {
				ASSETCATALOG_COMPILER_APPICON_NAME = AppIcon;
				ASSETCATALOG_COMPILER_GLOBAL_ACCENT_COLOR_NAME = AccentColor;
				CODE_SIGN_STYLE = Automatic;
				CURRENT_PROJECT_VERSION = 1;
				DEVELOPMENT_ASSET_PATHS = "\"Spok/Preview Content\"";
				DEVELOPMENT_TEAM = N9QY6FPEFA;
				ENABLE_PREVIEWS = YES;
				GENERATE_INFOPLIST_FILE = YES;
				INFOPLIST_KEY_UIApplicationSceneManifest_Generation = YES;
				INFOPLIST_KEY_UIApplicationSupportsIndirectInputEvents = YES;
				INFOPLIST_KEY_UILaunchScreen_Generation = YES;
				INFOPLIST_KEY_UISupportedInterfaceOrientations_iPad = "UIInterfaceOrientationPortrait UIInterfaceOrientationPortraitUpsideDown UIInterfaceOrientationLandscapeLeft UIInterfaceOrientationLandscapeRight";
				INFOPLIST_KEY_UISupportedInterfaceOrientations_iPhone = "UIInterfaceOrientationPortrait UIInterfaceOrientationLandscapeLeft UIInterfaceOrientationLandscapeRight";
				IPHONEOS_DEPLOYMENT_TARGET = 14.0;
				LD_RUNPATH_SEARCH_PATHS = (
					"$(inherited)",
					"@executable_path/Frameworks",
				);
				MARKETING_VERSION = 1.0;
				PRODUCT_BUNDLE_IDENTIFIER = com.pezz8builders.Spok;
				PRODUCT_NAME = "$(TARGET_NAME)";
				SWIFT_EMIT_LOC_STRINGS = YES;
				SWIFT_VERSION = 5.0;
				TARGETED_DEVICE_FAMILY = "1,2";
			};
			name = Release;
		};
/* End XCBuildConfiguration section */

/* Begin XCConfigurationList section */
		BC6FCEFA2735AC1700331611 /* Build configuration list for PBXProject "Spok" */ = {
			isa = XCConfigurationList;
			buildConfigurations = (
				BC6FCF0B2735AC1B00331611 /* Debug */,
				BC6FCF0C2735AC1B00331611 /* Release */,
			);
			defaultConfigurationIsVisible = 0;
			defaultConfigurationName = Release;
		};
		BC6FCF0D2735AC1B00331611 /* Build configuration list for PBXNativeTarget "Spok" */ = {
			isa = XCConfigurationList;
			buildConfigurations = (
				BC6FCF0E2735AC1B00331611 /* Debug */,
				BC6FCF0F2735AC1B00331611 /* Release */,
			);
			defaultConfigurationIsVisible = 0;
			defaultConfigurationName = Release;
		};
/* End XCConfigurationList section */
	};
	rootObject = BC6FCEF72735AC1700331611 /* Project object */;
}
